
Microsoft Visual Studio Solution File, Format Version 12.00
# Visual Studio Version 16
VisualStudioVersion = 16.0.31005.135
MinimumVisualStudioVersion = 10.0.40219.1
Project("{FAE04EC0-301F-11D3-BF4B-00C04F79EFBC}") = "CustomerRegistration", "CustomerRegistration\CustomerRegistration.csproj", "{857629DF-EF9B-4BF3-B568-D68B61BF538E}"
EndProject
Global
	GlobalSection(SolutionConfigurationPlatforms) = preSolution
		Debug|Any CPU = Debug|Any CPU
		Release|Any CPU = Release|Any CPU
	EndGlobalSection
	GlobalSection(ProjectConfigurationPlatforms) = postSolution
		{857629DF-EF9B-4BF3-B568-D68B61BF538E}.Debug|Any CPU.ActiveCfg = Debug|Any CPU
		{857629DF-EF9B-4BF3-B568-D68B61BF538E}.Debug|Any CPU.Build.0 = Debug|Any CPU
		{857629DF-EF9B-4BF3-B568-D68B61BF538E}.Release|Any CPU.ActiveCfg = Release|Any CPU
		{857629DF-EF9B-4BF3-B568-D68B61BF538E}.Release|Any CPU.Build.0 = Release|Any CPU
	EndGlobalSection
	GlobalSection(SolutionProperties) = preSolution
		HideSolutionNode = FALSE
	EndGlobalSection
	GlobalSection(ExtensibilityGlobals) = postSolution
		SolutionGuid = {0B21BBA3-F80C-4607-9D5D-20A961C5B89C}
	EndGlobalSection
EndGlobal
